// !$*UTF8*$!
{
	archiveVersion = 1;
	classes = {
	};
	objectVersion = 45;
	objects = {

/* Begin PBXBuildFile section */
		1D3623260D0F684500981E51 /* VimeoUploaderAppDelegate.m in Sources */ = {isa = PBXBuildFile; fileRef = 1D3623250D0F684500981E51 /* VimeoUploaderAppDelegate.m */; };
		1D60589B0D05DD56006BFB54 /* main.m in Sources */ = {isa = PBXBuildFile; fileRef = 29B97316FDCFA39411CA2CEA /* main.m */; };
		1D60589F0D05DD5A006BFB54 /* Foundation.framework in Frameworks */ = {isa = PBXBuildFile; fileRef = 1D30AB110D05D00D00671497 /* Foundation.framework */; };
		1DF5F4E00D08C38300B7A737 /* UIKit.framework in Frameworks */ = {isa = PBXBuildFile; fileRef = 1DF5F4DF0D08C38300B7A737 /* UIKit.framework */; };
		288765FD0DF74451002DB57D /* CoreGraphics.framework in Frameworks */ = {isa = PBXBuildFile; fileRef = 288765FC0DF74451002DB57D /* CoreGraphics.framework */; };
		28AD733F0D9D9553002E5188 /* MainWindow.xib in Resources */ = {isa = PBXBuildFile; fileRef = 28AD733E0D9D9553002E5188 /* MainWindow.xib */; };
		E2C0B3A612F35F240050FB3F /* VideosViewController.m in Sources */ = {isa = PBXBuildFile; fileRef = E2C0B3A412F35F240050FB3F /* VideosViewController.m */; };
		E2C0B3A712F35F240050FB3F /* VideosView.xib in Resources */ = {isa = PBXBuildFile; fileRef = E2C0B3A512F35F240050FB3F /* VideosView.xib */; };
		E2C0B41B12F36A4D0050FB3F /* AccountsViewController.m in Sources */ = {isa = PBXBuildFile; fileRef = E2C0B41912F36A4D0050FB3F /* AccountsViewController.m */; };
		E2C0B41C12F36A4D0050FB3F /* AccountsView.xib in Resources */ = {isa = PBXBuildFile; fileRef = E2C0B41A12F36A4D0050FB3F /* AccountsView.xib */; };
		E2C0B45112F36CB90050FB3F /* AccountViewController.m in Sources */ = {isa = PBXBuildFile; fileRef = E2C0B44F12F36CB90050FB3F /* AccountViewController.m */; };
		E2C0B45212F36CB90050FB3F /* AccountView.xib in Resources */ = {isa = PBXBuildFile; fileRef = E2C0B45012F36CB90050FB3F /* AccountView.xib */; };
		E2C0B5B012F380010050FB3F /* LabeledInputTableViewCell.m in Sources */ = {isa = PBXBuildFile; fileRef = E2C0B5AF12F380010050FB3F /* LabeledInputTableViewCell.m */; };
		E2C0B72412F38DD60050FB3F /* Storage.xcdatamodel in Sources */ = {isa = PBXBuildFile; fileRef = E2C0B72312F38DD60050FB3F /* Storage.xcdatamodel */; };
		E2C0B72F12F38E100050FB3F /* Storage.xcdatamodeld in Sources */ = {isa = PBXBuildFile; fileRef = E2C0B72E12F38E100050FB3F /* Storage.xcdatamodeld */; };
		E2C0B73212F38E530050FB3F /* CoreData.framework in Frameworks */ = {isa = PBXBuildFile; fileRef = E2C0B73112F38E530050FB3F /* CoreData.framework */; };
		E2C0B75012F38E6E0050FB3F /* MobileCoreServices.framework in Frameworks */ = {isa = PBXBuildFile; fileRef = E2C0B74F12F38E6E0050FB3F /* MobileCoreServices.framework */; };
		E2C0B75212F38E6E0050FB3F /* SystemConfiguration.framework in Frameworks */ = {isa = PBXBuildFile; fileRef = E2C0B75112F38E6E0050FB3F /* SystemConfiguration.framework */; };
		E2C0B78612F44E7C0050FB3F /* NSURLResponse+Encoding.m in Sources */ = {isa = PBXBuildFile; fileRef = E2C0B75A12F44E7C0050FB3F /* NSURLResponse+Encoding.m */; };
		E2C0B78712F44E7C0050FB3F /* NSURL+MPURLParameterAdditions.m in Sources */ = {isa = PBXBuildFile; fileRef = E2C0B75C12F44E7C0050FB3F /* NSURL+MPURLParameterAdditions.m */; };
		E2C0B78812F44E7C0050FB3F /* NSString+URLEscapingAdditions.m in Sources */ = {isa = PBXBuildFile; fileRef = E2C0B75E12F44E7C0050FB3F /* NSString+URLEscapingAdditions.m */; };
		E2C0B78912F44E7C0050FB3F /* MPWSXRDDocument.m in Sources */ = {isa = PBXBuildFile; fileRef = E2C0B76012F44E7C0050FB3F /* MPWSXRDDocument.m */; };
		E2C0B78A12F44E7C0050FB3F /* MPWSLRDDiscoverer.m in Sources */ = {isa = PBXBuildFile; fileRef = E2C0B76212F44E7C0050FB3F /* MPWSLRDDiscoverer.m */; };
		E2C0B78B12F44E7C0050FB3F /* MPURLRequestParameter.m in Sources */ = {isa = PBXBuildFile; fileRef = E2C0B76412F44E7C0050FB3F /* MPURLRequestParameter.m */; };
		E2C0B78C12F44E7C0050FB3F /* MPOAuthURLResponse.m in Sources */ = {isa = PBXBuildFile; fileRef = E2C0B76612F44E7C0050FB3F /* MPOAuthURLResponse.m */; };
		E2C0B78D12F44E7C0050FB3F /* MPOAuthURLRequest.m in Sources */ = {isa = PBXBuildFile; fileRef = E2C0B76812F44E7C0050FB3F /* MPOAuthURLRequest.m */; };
		E2C0B78E12F44E7C0050FB3F /* MPOAuthSignatureParameter.m in Sources */ = {isa = PBXBuildFile; fileRef = E2C0B76A12F44E7C0050FB3F /* MPOAuthSignatureParameter.m */; };
		E2C0B78F12F44E7C0050FB3F /* MPOAuthCredentialConcreteStore+KeychainAdditionsiPhone.m in Sources */ = {isa = PBXBuildFile; fileRef = E2C0B76E12F44E7C0050FB3F /* MPOAuthCredentialConcreteStore+KeychainAdditionsiPhone.m */; };
		E2C0B79012F44E7C0050FB3F /* MPOAuthCredentialConcreteStore.m in Sources */ = {isa = PBXBuildFile; fileRef = E2C0B77012F44E7C0050FB3F /* MPOAuthCredentialConcreteStore.m */; };
		E2C0B79112F44E7C0050FB3F /* MPOAuthCredentiaIConcreteStore+KeychainAdditionsMac.m in Sources */ = {isa = PBXBuildFile; fileRef = E2C0B77212F44E7C0050FB3F /* MPOAuthCredentiaIConcreteStore+KeychainAdditionsMac.m */; };
		E2C0B79212F44E7C0050FB3F /* MPOAuthConnection.m in Sources */ = {isa = PBXBuildFile; fileRef = E2C0B77312F44E7C0050FB3F /* MPOAuthConnection.m */; };
		E2C0B79312F44E7C0050FB3F /* MPOAuthAuthenticationMethodXAuth.m in Sources */ = {isa = PBXBuildFile; fileRef = E2C0B77512F44E7C0050FB3F /* MPOAuthAuthenticationMethodXAuth.m */; };
		E2C0B79412F44E7C0050FB3F /* MPOAuthAuthenticationMethodOAuth.m in Sources */ = {isa = PBXBuildFile; fileRef = E2C0B77712F44E7C0050FB3F /* MPOAuthAuthenticationMethodOAuth.m */; };
		E2C0B79512F44E7C0050FB3F /* MPOAuthAuthenticationMethodAuthExchange.m in Sources */ = {isa = PBXBuildFile; fileRef = E2C0B77912F44E7C0050FB3F /* MPOAuthAuthenticationMethodAuthExchange.m */; };
		E2C0B79612F44E7C0050FB3F /* MPOAuthAuthenticationMethod.m in Sources */ = {isa = PBXBuildFile; fileRef = E2C0B77B12F44E7C0050FB3F /* MPOAuthAuthenticationMethod.m */; };
		E2C0B79712F44E7C0050FB3F /* MPOAuthAPIRequestLoader.m in Sources */ = {isa = PBXBuildFile; fileRef = E2C0B77D12F44E7C0050FB3F /* MPOAuthAPIRequestLoader.m */; };
		E2C0B79812F44E7C0050FB3F /* MPOAuthAPI.m in Sources */ = {isa = PBXBuildFile; fileRef = E2C0B77F12F44E7C0050FB3F /* MPOAuthAPI.m */; };
		E2C0B79912F44E7C0050FB3F /* Base64Transcoder.c in Sources */ = {isa = PBXBuildFile; fileRef = E2C0B78412F44E7C0050FB3F /* Base64Transcoder.c */; };
		E2C0B7A112F44EB90050FB3F /* libxml2.dylib in Frameworks */ = {isa = PBXBuildFile; fileRef = E2C0B7A012F44EB90050FB3F /* libxml2.dylib */; };
		E2C0B7BA12F44FE20050FB3F /* Security.framework in Frameworks */ = {isa = PBXBuildFile; fileRef = E2C0B7B912F44FE20050FB3F /* Security.framework */; };
		E2C0B7C112F4502F0050FB3F /* AuthorizeViewController.m in Sources */ = {isa = PBXBuildFile; fileRef = E2C0B7BF12F4502F0050FB3F /* AuthorizeViewController.m */; };
		E2C0B7C212F4502F0050FB3F /* AuthorizeView.xib in Resources */ = {isa = PBXBuildFile; fileRef = E2C0B7C012F4502F0050FB3F /* AuthorizeView.xib */; };
		E2CFAA4912F48259007BC912 /* oauthAutoConfig.plist in Resources */ = {isa = PBXBuildFile; fileRef = E2CFAA4812F48259007BC912 /* oauthAutoConfig.plist */; };
		E2CFAD4C12F56ED3007BC912 /* EoApplication.m in Sources */ = {isa = PBXBuildFile; fileRef = E2CFAD4B12F56ED3007BC912 /* EoApplication.m */; };
		E2CFAE5212F5A46B007BC912 /* Reachability.m in Sources */ = {isa = PBXBuildFile; fileRef = E2CFAE4F12F5A46B007BC912 /* Reachability.m */; };
		E2CFAE5312F5A46B007BC912 /* YAJLIOS.framework in Frameworks */ = {isa = PBXBuildFile; fileRef = E2CFAE5112F5A46B007BC912 /* YAJLIOS.framework */; };
		E2CFAEEE12F5D569007BC912 /* _Account.m in Sources */ = {isa = PBXBuildFile; fileRef = E2CFAEEA12F5D569007BC912 /* _Account.m */; };
		E2CFAEEF12F5D569007BC912 /* Account.m in Sources */ = {isa = PBXBuildFile; fileRef = E2CFAEEB12F5D569007BC912 /* Account.m */; };
		E2CFAEF012F5D569007BC912 /* Storage.xcdatamodeld in Sources */ = {isa = PBXBuildFile; fileRef = E2CFAEEC12F5D569007BC912 /* Storage.xcdatamodeld */; };
		E2CFAEF312F5D5A2007BC912 /* DataConnector.m in Sources */ = {isa = PBXBuildFile; fileRef = E2CFAEF212F5D5A2007BC912 /* DataConnector.m */; };
/* End PBXBuildFile section */

/* Begin PBXFileReference section */
		1D30AB110D05D00D00671497 /* Foundation.framework */ = {isa = PBXFileReference; lastKnownFileType = wrapper.framework; name = Foundation.framework; path = System/Library/Frameworks/Foundation.framework; sourceTree = SDKROOT; };
		1D3623240D0F684500981E51 /* VimeoUploaderAppDelegate.h */ = {isa = PBXFileReference; fileEncoding = 4; lastKnownFileType = sourcecode.c.h; path = VimeoUploaderAppDelegate.h; sourceTree = "<group>"; };
		1D3623250D0F684500981E51 /* VimeoUploaderAppDelegate.m */ = {isa = PBXFileReference; fileEncoding = 4; lastKnownFileType = sourcecode.c.objc; path = VimeoUploaderAppDelegate.m; sourceTree = "<group>"; };
		1D6058910D05DD3D006BFB54 /* VimeoUploader.app */ = {isa = PBXFileReference; explicitFileType = wrapper.application; includeInIndex = 0; path = VimeoUploader.app; sourceTree = BUILT_PRODUCTS_DIR; };
		1DF5F4DF0D08C38300B7A737 /* UIKit.framework */ = {isa = PBXFileReference; lastKnownFileType = wrapper.framework; name = UIKit.framework; path = System/Library/Frameworks/UIKit.framework; sourceTree = SDKROOT; };
		288765FC0DF74451002DB57D /* CoreGraphics.framework */ = {isa = PBXFileReference; lastKnownFileType = wrapper.framework; name = CoreGraphics.framework; path = System/Library/Frameworks/CoreGraphics.framework; sourceTree = SDKROOT; };
		28AD733E0D9D9553002E5188 /* MainWindow.xib */ = {isa = PBXFileReference; lastKnownFileType = file.xib; path = MainWindow.xib; sourceTree = "<group>"; };
		29B97316FDCFA39411CA2CEA /* main.m */ = {isa = PBXFileReference; fileEncoding = 4; lastKnownFileType = sourcecode.c.objc; path = main.m; sourceTree = "<group>"; };
		32CA4F630368D1EE00C91783 /* VimeoUploader_Prefix.pch */ = {isa = PBXFileReference; fileEncoding = 4; lastKnownFileType = sourcecode.c.h; path = VimeoUploader_Prefix.pch; sourceTree = "<group>"; };
		8D1107310486CEB800E47090 /* VimeoUploader-Info.plist */ = {isa = PBXFileReference; fileEncoding = 4; lastKnownFileType = text.plist.xml; path = "VimeoUploader-Info.plist"; plistStructureDefinitionIdentifier = "com.apple.xcode.plist.structure-definition.iphone.info-plist"; sourceTree = "<group>"; };
		E2C0B3A312F35F240050FB3F /* VideosViewController.h */ = {isa = PBXFileReference; fileEncoding = 4; lastKnownFileType = sourcecode.c.h; path = VideosViewController.h; sourceTree = "<group>"; };
		E2C0B3A412F35F240050FB3F /* VideosViewController.m */ = {isa = PBXFileReference; fileEncoding = 4; lastKnownFileType = sourcecode.c.objc; path = VideosViewController.m; sourceTree = "<group>"; };
		E2C0B3A512F35F240050FB3F /* VideosView.xib */ = {isa = PBXFileReference; lastKnownFileType = file.xib; name = VideosView.xib; path = Classes/VideosView.xib; sourceTree = "<group>"; };
		E2C0B41812F36A4D0050FB3F /* AccountsViewController.h */ = {isa = PBXFileReference; fileEncoding = 4; lastKnownFileType = sourcecode.c.h; path = AccountsViewController.h; sourceTree = "<group>"; };
		E2C0B41912F36A4D0050FB3F /* AccountsViewController.m */ = {isa = PBXFileReference; fileEncoding = 4; lastKnownFileType = sourcecode.c.objc; path = AccountsViewController.m; sourceTree = "<group>"; };
		E2C0B41A12F36A4D0050FB3F /* AccountsView.xib */ = {isa = PBXFileReference; lastKnownFileType = file.xib; name = AccountsView.xib; path = Classes/AccountsView.xib; sourceTree = "<group>"; };
		E2C0B44E12F36CB90050FB3F /* AccountViewController.h */ = {isa = PBXFileReference; fileEncoding = 4; lastKnownFileType = sourcecode.c.h; path = AccountViewController.h; sourceTree = "<group>"; };
		E2C0B44F12F36CB90050FB3F /* AccountViewController.m */ = {isa = PBXFileReference; fileEncoding = 4; lastKnownFileType = sourcecode.c.objc; path = AccountViewController.m; sourceTree = "<group>"; };
		E2C0B45012F36CB90050FB3F /* AccountView.xib */ = {isa = PBXFileReference; lastKnownFileType = file.xib; name = AccountView.xib; path = Classes/AccountView.xib; sourceTree = "<group>"; };
		E2C0B5AE12F380010050FB3F /* LabeledInputTableViewCell.h */ = {isa = PBXFileReference; fileEncoding = 4; lastKnownFileType = sourcecode.c.h; path = LabeledInputTableViewCell.h; sourceTree = "<group>"; };
		E2C0B5AF12F380010050FB3F /* LabeledInputTableViewCell.m */ = {isa = PBXFileReference; fileEncoding = 4; lastKnownFileType = sourcecode.c.objc; path = LabeledInputTableViewCell.m; sourceTree = "<group>"; };
		E2C0B6EE12F38C680050FB3F /* AccountEditorDelegate.h */ = {isa = PBXFileReference; fileEncoding = 4; lastKnownFileType = sourcecode.c.h; path = AccountEditorDelegate.h; sourceTree = "<group>"; };
		E2C0B72312F38DD60050FB3F /* Storage.xcdatamodel */ = {isa = PBXFileReference; fileEncoding = 4; lastKnownFileType = wrapper.xcdatamodel; path = Storage.xcdatamodel; sourceTree = "<group>"; };
		E2C0B73112F38E530050FB3F /* CoreData.framework */ = {isa = PBXFileReference; lastKnownFileType = wrapper.framework; name = CoreData.framework; path = System/Library/Frameworks/CoreData.framework; sourceTree = SDKROOT; };
		E2C0B74F12F38E6E0050FB3F /* MobileCoreServices.framework */ = {isa = PBXFileReference; lastKnownFileType = wrapper.framework; name = MobileCoreServices.framework; path = System/Library/Frameworks/MobileCoreServices.framework; sourceTree = SDKROOT; };
		E2C0B75112F38E6E0050FB3F /* SystemConfiguration.framework */ = {isa = PBXFileReference; lastKnownFileType = wrapper.framework; name = SystemConfiguration.framework; path = System/Library/Frameworks/SystemConfiguration.framework; sourceTree = SDKROOT; };
		E2C0B75A12F44E7C0050FB3F /* NSURLResponse+Encoding.m */ = {isa = PBXFileReference; fileEncoding = 4; lastKnownFileType = sourcecode.c.objc; path = "NSURLResponse+Encoding.m"; sourceTree = "<group>"; };
		E2C0B75B12F44E7C0050FB3F /* NSURLResponse+Encoding.h */ = {isa = PBXFileReference; fileEncoding = 4; lastKnownFileType = sourcecode.c.h; path = "NSURLResponse+Encoding.h"; sourceTree = "<group>"; };
		E2C0B75C12F44E7C0050FB3F /* NSURL+MPURLParameterAdditions.m */ = {isa = PBXFileReference; fileEncoding = 4; lastKnownFileType = sourcecode.c.objc; path = "NSURL+MPURLParameterAdditions.m"; sourceTree = "<group>"; };
		E2C0B75D12F44E7C0050FB3F /* NSURL+MPURLParameterAdditions.h */ = {isa = PBXFileReference; fileEncoding = 4; lastKnownFileType = sourcecode.c.h; path = "NSURL+MPURLParameterAdditions.h"; sourceTree = "<group>"; };
		E2C0B75E12F44E7C0050FB3F /* NSString+URLEscapingAdditions.m */ = {isa = PBXFileReference; fileEncoding = 4; lastKnownFileType = sourcecode.c.objc; path = "NSString+URLEscapingAdditions.m"; sourceTree = "<group>"; };
		E2C0B75F12F44E7C0050FB3F /* NSString+URLEscapingAdditions.h */ = {isa = PBXFileReference; fileEncoding = 4; lastKnownFileType = sourcecode.c.h; path = "NSString+URLEscapingAdditions.h"; sourceTree = "<group>"; };
		E2C0B76012F44E7C0050FB3F /* MPWSXRDDocument.m */ = {isa = PBXFileReference; fileEncoding = 4; lastKnownFileType = sourcecode.c.objc; path = MPWSXRDDocument.m; sourceTree = "<group>"; };
		E2C0B76112F44E7C0050FB3F /* MPWSXRDDocument.h */ = {isa = PBXFileReference; fileEncoding = 4; lastKnownFileType = sourcecode.c.h; path = MPWSXRDDocument.h; sourceTree = "<group>"; };
		E2C0B76212F44E7C0050FB3F /* MPWSLRDDiscoverer.m */ = {isa = PBXFileReference; fileEncoding = 4; lastKnownFileType = sourcecode.c.objc; path = MPWSLRDDiscoverer.m; sourceTree = "<group>"; };
		E2C0B76312F44E7C0050FB3F /* MPWSLRDDiscoverer.h */ = {isa = PBXFileReference; fileEncoding = 4; lastKnownFileType = sourcecode.c.h; path = MPWSLRDDiscoverer.h; sourceTree = "<group>"; };
		E2C0B76412F44E7C0050FB3F /* MPURLRequestParameter.m */ = {isa = PBXFileReference; fileEncoding = 4; lastKnownFileType = sourcecode.c.objc; path = MPURLRequestParameter.m; sourceTree = "<group>"; };
		E2C0B76512F44E7C0050FB3F /* MPURLRequestParameter.h */ = {isa = PBXFileReference; fileEncoding = 4; lastKnownFileType = sourcecode.c.h; path = MPURLRequestParameter.h; sourceTree = "<group>"; };
		E2C0B76612F44E7C0050FB3F /* MPOAuthURLResponse.m */ = {isa = PBXFileReference; fileEncoding = 4; lastKnownFileType = sourcecode.c.objc; path = MPOAuthURLResponse.m; sourceTree = "<group>"; };
		E2C0B76712F44E7C0050FB3F /* MPOAuthURLResponse.h */ = {isa = PBXFileReference; fileEncoding = 4; lastKnownFileType = sourcecode.c.h; path = MPOAuthURLResponse.h; sourceTree = "<group>"; };
		E2C0B76812F44E7C0050FB3F /* MPOAuthURLRequest.m */ = {isa = PBXFileReference; fileEncoding = 4; lastKnownFileType = sourcecode.c.objc; path = MPOAuthURLRequest.m; sourceTree = "<group>"; };
		E2C0B76912F44E7C0050FB3F /* MPOAuthURLRequest.h */ = {isa = PBXFileReference; fileEncoding = 4; lastKnownFileType = sourcecode.c.h; path = MPOAuthURLRequest.h; sourceTree = "<group>"; };
		E2C0B76A12F44E7C0050FB3F /* MPOAuthSignatureParameter.m */ = {isa = PBXFileReference; fileEncoding = 4; lastKnownFileType = sourcecode.c.objc; path = MPOAuthSignatureParameter.m; sourceTree = "<group>"; };
		E2C0B76B12F44E7C0050FB3F /* MPOAuthSignatureParameter.h */ = {isa = PBXFileReference; fileEncoding = 4; lastKnownFileType = sourcecode.c.h; path = MPOAuthSignatureParameter.h; sourceTree = "<group>"; };
		E2C0B76C12F44E7C0050FB3F /* MPOAuthParameterFactory.h */ = {isa = PBXFileReference; fileEncoding = 4; lastKnownFileType = sourcecode.c.h; path = MPOAuthParameterFactory.h; sourceTree = "<group>"; };
		E2C0B76D12F44E7C0050FB3F /* MPOAuthCredentialStore.h */ = {isa = PBXFileReference; fileEncoding = 4; lastKnownFileType = sourcecode.c.h; path = MPOAuthCredentialStore.h; sourceTree = "<group>"; };
		E2C0B76E12F44E7C0050FB3F /* MPOAuthCredentialConcreteStore+KeychainAdditionsiPhone.m */ = {isa = PBXFileReference; fileEncoding = 4; lastKnownFileType = sourcecode.c.objc; path = "MPOAuthCredentialConcreteStore+KeychainAdditionsiPhone.m"; sourceTree = "<group>"; };
		E2C0B76F12F44E7C0050FB3F /* MPOAuthCredentialConcreteStore+KeychainAdditions.h */ = {isa = PBXFileReference; fileEncoding = 4; lastKnownFileType = sourcecode.c.h; path = "MPOAuthCredentialConcreteStore+KeychainAdditions.h"; sourceTree = "<group>"; };
		E2C0B77012F44E7C0050FB3F /* MPOAuthCredentialConcreteStore.m */ = {isa = PBXFileReference; fileEncoding = 4; lastKnownFileType = sourcecode.c.objc; path = MPOAuthCredentialConcreteStore.m; sourceTree = "<group>"; };
		E2C0B77112F44E7C0050FB3F /* MPOAuthCredentialConcreteStore.h */ = {isa = PBXFileReference; fileEncoding = 4; lastKnownFileType = sourcecode.c.h; path = MPOAuthCredentialConcreteStore.h; sourceTree = "<group>"; };
		E2C0B77212F44E7C0050FB3F /* MPOAuthCredentiaIConcreteStore+KeychainAdditionsMac.m */ = {isa = PBXFileReference; fileEncoding = 4; lastKnownFileType = sourcecode.c.objc; path = "MPOAuthCredentiaIConcreteStore+KeychainAdditionsMac.m"; sourceTree = "<group>"; };
		E2C0B77312F44E7C0050FB3F /* MPOAuthConnection.m */ = {isa = PBXFileReference; fileEncoding = 4; lastKnownFileType = sourcecode.c.objc; path = MPOAuthConnection.m; sourceTree = "<group>"; };
		E2C0B77412F44E7C0050FB3F /* MPOAuthConnection.h */ = {isa = PBXFileReference; fileEncoding = 4; lastKnownFileType = sourcecode.c.h; path = MPOAuthConnection.h; sourceTree = "<group>"; };
		E2C0B77512F44E7C0050FB3F /* MPOAuthAuthenticationMethodXAuth.m */ = {isa = PBXFileReference; fileEncoding = 4; lastKnownFileType = sourcecode.c.objc; path = MPOAuthAuthenticationMethodXAuth.m; sourceTree = "<group>"; };
		E2C0B77612F44E7C0050FB3F /* MPOAuthAuthenticationMethodXAuth.h */ = {isa = PBXFileReference; fileEncoding = 4; lastKnownFileType = sourcecode.c.h; path = MPOAuthAuthenticationMethodXAuth.h; sourceTree = "<group>"; };
		E2C0B77712F44E7C0050FB3F /* MPOAuthAuthenticationMethodOAuth.m */ = {isa = PBXFileReference; fileEncoding = 4; lastKnownFileType = sourcecode.c.objc; path = MPOAuthAuthenticationMethodOAuth.m; sourceTree = "<group>"; };
		E2C0B77812F44E7C0050FB3F /* MPOAuthAuthenticationMethodOAuth.h */ = {isa = PBXFileReference; fileEncoding = 4; lastKnownFileType = sourcecode.c.h; path = MPOAuthAuthenticationMethodOAuth.h; sourceTree = "<group>"; };
		E2C0B77912F44E7C0050FB3F /* MPOAuthAuthenticationMethodAuthExchange.m */ = {isa = PBXFileReference; fileEncoding = 4; lastKnownFileType = sourcecode.c.objc; path = MPOAuthAuthenticationMethodAuthExchange.m; sourceTree = "<group>"; };
		E2C0B77A12F44E7C0050FB3F /* MPOAuthAuthenticationMethodAuthExchange.h */ = {isa = PBXFileReference; fileEncoding = 4; lastKnownFileType = sourcecode.c.h; path = MPOAuthAuthenticationMethodAuthExchange.h; sourceTree = "<group>"; };
		E2C0B77B12F44E7C0050FB3F /* MPOAuthAuthenticationMethod.m */ = {isa = PBXFileReference; fileEncoding = 4; lastKnownFileType = sourcecode.c.objc; path = MPOAuthAuthenticationMethod.m; sourceTree = "<group>"; };
		E2C0B77C12F44E7C0050FB3F /* MPOAuthAuthenticationMethod.h */ = {isa = PBXFileReference; fileEncoding = 4; lastKnownFileType = sourcecode.c.h; path = MPOAuthAuthenticationMethod.h; sourceTree = "<group>"; };
		E2C0B77D12F44E7C0050FB3F /* MPOAuthAPIRequestLoader.m */ = {isa = PBXFileReference; fileEncoding = 4; lastKnownFileType = sourcecode.c.objc; path = MPOAuthAPIRequestLoader.m; sourceTree = "<group>"; };
		E2C0B77E12F44E7C0050FB3F /* MPOAuthAPIRequestLoader.h */ = {isa = PBXFileReference; fileEncoding = 4; lastKnownFileType = sourcecode.c.h; path = MPOAuthAPIRequestLoader.h; sourceTree = "<group>"; };
		E2C0B77F12F44E7C0050FB3F /* MPOAuthAPI.m */ = {isa = PBXFileReference; fileEncoding = 4; lastKnownFileType = sourcecode.c.objc; path = MPOAuthAPI.m; sourceTree = "<group>"; };
		E2C0B78012F44E7C0050FB3F /* MPOAuthAPI.h */ = {isa = PBXFileReference; fileEncoding = 4; lastKnownFileType = sourcecode.c.h; path = MPOAuthAPI.h; sourceTree = "<group>"; };
		E2C0B78112F44E7C0050FB3F /* MPOAuth.h */ = {isa = PBXFileReference; fileEncoding = 4; lastKnownFileType = sourcecode.c.h; path = MPOAuth.h; sourceTree = "<group>"; };
		E2C0B78212F44E7C0050FB3F /* MPDebug.h */ = {isa = PBXFileReference; fileEncoding = 4; lastKnownFileType = sourcecode.c.h; path = MPDebug.h; sourceTree = "<group>"; };
		E2C0B78412F44E7C0050FB3F /* Base64Transcoder.c */ = {isa = PBXFileReference; fileEncoding = 4; lastKnownFileType = sourcecode.c.c; path = Base64Transcoder.c; sourceTree = "<group>"; };
		E2C0B78512F44E7C0050FB3F /* Base64Transcoder.h */ = {isa = PBXFileReference; fileEncoding = 4; lastKnownFileType = sourcecode.c.h; path = Base64Transcoder.h; sourceTree = "<group>"; };
		E2C0B7A012F44EB90050FB3F /* libxml2.dylib */ = {isa = PBXFileReference; lastKnownFileType = "compiled.mach-o.dylib"; name = libxml2.dylib; path = usr/lib/libxml2.dylib; sourceTree = SDKROOT; };
		E2C0B7B912F44FE20050FB3F /* Security.framework */ = {isa = PBXFileReference; lastKnownFileType = wrapper.framework; name = Security.framework; path = System/Library/Frameworks/Security.framework; sourceTree = SDKROOT; };
		E2C0B7BE12F4502F0050FB3F /* AuthorizeViewController.h */ = {isa = PBXFileReference; fileEncoding = 4; lastKnownFileType = sourcecode.c.h; path = AuthorizeViewController.h; sourceTree = "<group>"; };
		E2C0B7BF12F4502F0050FB3F /* AuthorizeViewController.m */ = {isa = PBXFileReference; fileEncoding = 4; lastKnownFileType = sourcecode.c.objc; path = AuthorizeViewController.m; sourceTree = "<group>"; };
		E2C0B7C012F4502F0050FB3F /* AuthorizeView.xib */ = {isa = PBXFileReference; lastKnownFileType = file.xib; name = AuthorizeView.xib; path = Classes/AuthorizeView.xib; sourceTree = "<group>"; };
		E2CFAA4812F48259007BC912 /* oauthAutoConfig.plist */ = {isa = PBXFileReference; fileEncoding = 4; lastKnownFileType = text.plist.xml; path = oauthAutoConfig.plist; sourceTree = "<group>"; };
		E2CFAD4A12F56ED3007BC912 /* EoApplication.h */ = {isa = PBXFileReference; fileEncoding = 4; lastKnownFileType = sourcecode.c.h; path = EoApplication.h; sourceTree = "<group>"; };
		E2CFAD4B12F56ED3007BC912 /* EoApplication.m */ = {isa = PBXFileReference; fileEncoding = 4; lastKnownFileType = sourcecode.c.objc; path = EoApplication.m; sourceTree = "<group>"; };
		E2CFAE4E12F5A46B007BC912 /* Reachability.h */ = {isa = PBXFileReference; fileEncoding = 4; lastKnownFileType = sourcecode.c.h; path = Reachability.h; sourceTree = "<group>"; };
		E2CFAE4F12F5A46B007BC912 /* Reachability.m */ = {isa = PBXFileReference; fileEncoding = 4; lastKnownFileType = sourcecode.c.objc; path = Reachability.m; sourceTree = "<group>"; };
		E2CFAE5112F5A46B007BC912 /* YAJLIOS.framework */ = {isa = PBXFileReference; lastKnownFileType = wrapper.framework; path = YAJLIOS.framework; sourceTree = "<group>"; };
		E2CFAEE912F5D569007BC912 /* _Account.h */ = {isa = PBXFileReference; fileEncoding = 4; lastKnownFileType = sourcecode.c.h; path = _Account.h; sourceTree = "<group>"; };
		E2CFAEEA12F5D569007BC912 /* _Account.m */ = {isa = PBXFileReference; fileEncoding = 4; lastKnownFileType = sourcecode.c.objc; path = _Account.m; sourceTree = "<group>"; };
		E2CFAEEB12F5D569007BC912 /* Account.m */ = {isa = PBXFileReference; fileEncoding = 4; lastKnownFileType = sourcecode.c.objc; path = Account.m; sourceTree = "<group>"; };
		E2CFAEED12F5D569007BC912 /* Storage.xcdatamodel */ = {isa = PBXFileReference; fileEncoding = 4; lastKnownFileType = wrapper.xcdatamodel; path = Storage.xcdatamodel; sourceTree = "<group>"; };
		E2CFAEF112F5D5A2007BC912 /* DataConnector.h */ = {isa = PBXFileReference; fileEncoding = 4; lastKnownFileType = sourcecode.c.h; path = DataConnector.h; sourceTree = "<group>"; };
		E2CFAEF212F5D5A2007BC912 /* DataConnector.m */ = {isa = PBXFileReference; fileEncoding = 4; lastKnownFileType = sourcecode.c.objc; path = DataConnector.m; sourceTree = "<group>"; };
		E2CFAEFF12F5E863007BC912 /* Account.h */ = {isa = PBXFileReference; fileEncoding = 4; lastKnownFileType = sourcecode.c.h; path = Account.h; sourceTree = "<group>"; };
/* End PBXFileReference section */

/* Begin PBXFrameworksBuildPhase section */
		1D60588F0D05DD3D006BFB54 /* Frameworks */ = {
			isa = PBXFrameworksBuildPhase;
			buildActionMask = 2147483647;
			files = (
				1D60589F0D05DD5A006BFB54 /* Foundation.framework in Frameworks */,
				1DF5F4E00D08C38300B7A737 /* UIKit.framework in Frameworks */,
				288765FD0DF74451002DB57D /* CoreGraphics.framework in Frameworks */,
				E2C0B73212F38E530050FB3F /* CoreData.framework in Frameworks */,
				E2C0B75012F38E6E0050FB3F /* MobileCoreServices.framework in Frameworks */,
				E2C0B75212F38E6E0050FB3F /* SystemConfiguration.framework in Frameworks */,
				E2C0B7A112F44EB90050FB3F /* libxml2.dylib in Frameworks */,
				E2C0B7BA12F44FE20050FB3F /* Security.framework in Frameworks */,
				E2CFAE5312F5A46B007BC912 /* YAJLIOS.framework in Frameworks */,
			);
			runOnlyForDeploymentPostprocessing = 0;
		};
/* End PBXFrameworksBuildPhase section */

/* Begin PBXGroup section */
		080E96DDFE201D6D7F000001 /* Classes */ = {
			isa = PBXGroup;
			children = (
				E2C0B4FC12F374A80050FB3F /* Data */,
				E2C0B41312F369E80050FB3F /* API */,
				E2C0B41212F369D60050FB3F /* UI */,
			);
			path = Classes;
			sourceTree = "<group>";
		};
		19C28FACFE9D520D11CA2CBB /* Products */ = {
			isa = PBXGroup;
			children = (
				1D6058910D05DD3D006BFB54 /* VimeoUploader.app */,
			);
			name = Products;
			sourceTree = "<group>";
		};
		29B97314FDCFA39411CA2CEA /* CustomTemplate */ = {
			isa = PBXGroup;
			children = (
				E2AAA8FF12F35B38002CCA4C /* UI */,
				080E96DDFE201D6D7F000001 /* Classes */,
				29B97315FDCFA39411CA2CEA /* Other Sources */,
				29B97317FDCFA39411CA2CEA /* Resources */,
				29B97323FDCFA39411CA2CEA /* Frameworks */,
				19C28FACFE9D520D11CA2CBB /* Products */,
				E2C0B7B912F44FE20050FB3F /* Security.framework */,
			);
			name = CustomTemplate;
			sourceTree = "<group>";
		};
		29B97315FDCFA39411CA2CEA /* Other Sources */ = {
			isa = PBXGroup;
			children = (
				32CA4F630368D1EE00C91783 /* VimeoUploader_Prefix.pch */,
				29B97316FDCFA39411CA2CEA /* main.m */,
				E2CFAD4A12F56ED3007BC912 /* EoApplication.h */,
				E2CFAD4B12F56ED3007BC912 /* EoApplication.m */,
			);
			name = "Other Sources";
			sourceTree = "<group>";
		};
		29B97317FDCFA39411CA2CEA /* Resources */ = {
			isa = PBXGroup;
			children = (
				E2CFAA4812F48259007BC912 /* oauthAutoConfig.plist */,
				8D1107310486CEB800E47090 /* VimeoUploader-Info.plist */,
			);
			name = Resources;
			sourceTree = "<group>";
		};
		29B97323FDCFA39411CA2CEA /* Frameworks */ = {
			isa = PBXGroup;
			children = (
				E2C0B73112F38E530050FB3F /* CoreData.framework */,
				1DF5F4DF0D08C38300B7A737 /* UIKit.framework */,
				1D30AB110D05D00D00671497 /* Foundation.framework */,
				288765FC0DF74451002DB57D /* CoreGraphics.framework */,
				E2C0B74F12F38E6E0050FB3F /* MobileCoreServices.framework */,
				E2C0B75112F38E6E0050FB3F /* SystemConfiguration.framework */,
				E2C0B7A012F44EB90050FB3F /* libxml2.dylib */,
			);
			name = Frameworks;
			sourceTree = "<group>";
		};
		E2AAA8FF12F35B38002CCA4C /* UI */ = {
			isa = PBXGroup;
			children = (
				E2C0B7C012F4502F0050FB3F /* AuthorizeView.xib */,
				E2C0B45012F36CB90050FB3F /* AccountView.xib */,
				E2C0B41A12F36A4D0050FB3F /* AccountsView.xib */,
				E2C0B3A512F35F240050FB3F /* VideosView.xib */,
				28AD733E0D9D9553002E5188 /* MainWindow.xib */,
			);
			name = UI;
			sourceTree = "<group>";
		};
		E2C0B41212F369D60050FB3F /* UI */ = {
			isa = PBXGroup;
			children = (
				E2C0B5AD12F37FD90050FB3F /* Cells */,
				E2C0B7BE12F4502F0050FB3F /* AuthorizeViewController.h */,
				E2C0B7BF12F4502F0050FB3F /* AuthorizeViewController.m */,
				1D3623240D0F684500981E51 /* VimeoUploaderAppDelegate.h */,
				1D3623250D0F684500981E51 /* VimeoUploaderAppDelegate.m */,
				E2C0B3A312F35F240050FB3F /* VideosViewController.h */,
				E2C0B3A412F35F240050FB3F /* VideosViewController.m */,
				E2C0B41812F36A4D0050FB3F /* AccountsViewController.h */,
				E2C0B41912F36A4D0050FB3F /* AccountsViewController.m */,
				E2C0B44E12F36CB90050FB3F /* AccountViewController.h */,
				E2C0B44F12F36CB90050FB3F /* AccountViewController.m */,
				E2C0B6EE12F38C680050FB3F /* AccountEditorDelegate.h */,
			);
			name = UI;
			sourceTree = "<group>";
		};
		E2C0B41312F369E80050FB3F /* API */ = {
			isa = PBXGroup;
			children = (
				E2CFAE4D12F5A46B007BC912 /* Reachability */,
				E2CFAE5012F5A46B007BC912 /* YAJLJSON */,
				E2C0B75912F44E2F0050FB3F /* OAuth */,
			);
			name = API;
			sourceTree = "<group>";
		};
		E2C0B4FC12F374A80050FB3F /* Data */ = {
			isa = PBXGroup;
			children = (
				E2CFAEFF12F5E863007BC912 /* Account.h */,
				E2CFAEF112F5D5A2007BC912 /* DataConnector.h */,
				E2CFAEF212F5D5A2007BC912 /* DataConnector.m */,
				E2CFAEE912F5D569007BC912 /* _Account.h */,
				E2CFAEEA12F5D569007BC912 /* _Account.m */,
				E2CFAEEB12F5D569007BC912 /* Account.m */,
				E2CFAEEC12F5D569007BC912 /* Storage.xcdatamodeld */,
				E2C0B72E12F38E100050FB3F /* Storage.xcdatamodeld */,
			);
			path = Data;
			sourceTree = "<group>";
		};
		E2C0B5AD12F37FD90050FB3F /* Cells */ = {
			isa = PBXGroup;
			children = (
				E2C0B5AE12F380010050FB3F /* LabeledInputTableViewCell.h */,
				E2C0B5AF12F380010050FB3F /* LabeledInputTableViewCell.m */,
			);
			name = Cells;
			sourceTree = "<group>";
		};
		E2C0B75912F44E2F0050FB3F /* OAuth */ = {
			isa = PBXGroup;
			children = (
				E2C0B75A12F44E7C0050FB3F /* NSURLResponse+Encoding.m */,
				E2C0B75B12F44E7C0050FB3F /* NSURLResponse+Encoding.h */,
				E2C0B75C12F44E7C0050FB3F /* NSURL+MPURLParameterAdditions.m */,
				E2C0B75D12F44E7C0050FB3F /* NSURL+MPURLParameterAdditions.h */,
				E2C0B75E12F44E7C0050FB3F /* NSString+URLEscapingAdditions.m */,
				E2C0B75F12F44E7C0050FB3F /* NSString+URLEscapingAdditions.h */,
				E2C0B76012F44E7C0050FB3F /* MPWSXRDDocument.m */,
				E2C0B76112F44E7C0050FB3F /* MPWSXRDDocument.h */,
				E2C0B76212F44E7C0050FB3F /* MPWSLRDDiscoverer.m */,
				E2C0B76312F44E7C0050FB3F /* MPWSLRDDiscoverer.h */,
				E2C0B76412F44E7C0050FB3F /* MPURLRequestParameter.m */,
				E2C0B76512F44E7C0050FB3F /* MPURLRequestParameter.h */,
				E2C0B76612F44E7C0050FB3F /* MPOAuthURLResponse.m */,
				E2C0B76712F44E7C0050FB3F /* MPOAuthURLResponse.h */,
				E2C0B76812F44E7C0050FB3F /* MPOAuthURLRequest.m */,
				E2C0B76912F44E7C0050FB3F /* MPOAuthURLRequest.h */,
				E2C0B76A12F44E7C0050FB3F /* MPOAuthSignatureParameter.m */,
				E2C0B76B12F44E7C0050FB3F /* MPOAuthSignatureParameter.h */,
				E2C0B76C12F44E7C0050FB3F /* MPOAuthParameterFactory.h */,
				E2C0B76D12F44E7C0050FB3F /* MPOAuthCredentialStore.h */,
				E2C0B76E12F44E7C0050FB3F /* MPOAuthCredentialConcreteStore+KeychainAdditionsiPhone.m */,
				E2C0B76F12F44E7C0050FB3F /* MPOAuthCredentialConcreteStore+KeychainAdditions.h */,
				E2C0B77012F44E7C0050FB3F /* MPOAuthCredentialConcreteStore.m */,
				E2C0B77112F44E7C0050FB3F /* MPOAuthCredentialConcreteStore.h */,
				E2C0B77212F44E7C0050FB3F /* MPOAuthCredentiaIConcreteStore+KeychainAdditionsMac.m */,
				E2C0B77312F44E7C0050FB3F /* MPOAuthConnection.m */,
				E2C0B77412F44E7C0050FB3F /* MPOAuthConnection.h */,
				E2C0B77512F44E7C0050FB3F /* MPOAuthAuthenticationMethodXAuth.m */,
				E2C0B77612F44E7C0050FB3F /* MPOAuthAuthenticationMethodXAuth.h */,
				E2C0B77712F44E7C0050FB3F /* MPOAuthAuthenticationMethodOAuth.m */,
				E2C0B77812F44E7C0050FB3F /* MPOAuthAuthenticationMethodOAuth.h */,
				E2C0B77912F44E7C0050FB3F /* MPOAuthAuthenticationMethodAuthExchange.m */,
				E2C0B77A12F44E7C0050FB3F /* MPOAuthAuthenticationMethodAuthExchange.h */,
				E2C0B77B12F44E7C0050FB3F /* MPOAuthAuthenticationMethod.m */,
				E2C0B77C12F44E7C0050FB3F /* MPOAuthAuthenticationMethod.h */,
				E2C0B77D12F44E7C0050FB3F /* MPOAuthAPIRequestLoader.m */,
				E2C0B77E12F44E7C0050FB3F /* MPOAuthAPIRequestLoader.h */,
				E2C0B77F12F44E7C0050FB3F /* MPOAuthAPI.m */,
				E2C0B78012F44E7C0050FB3F /* MPOAuthAPI.h */,
				E2C0B78112F44E7C0050FB3F /* MPOAuth.h */,
				E2C0B78212F44E7C0050FB3F /* MPDebug.h */,
				E2C0B78312F44E7C0050FB3F /* Crypto */,
			);
			name = OAuth;
			path = API/OAuth;
			sourceTree = "<group>";
		};
		E2C0B78312F44E7C0050FB3F /* Crypto */ = {
			isa = PBXGroup;
			children = (
				E2C0B78412F44E7C0050FB3F /* Base64Transcoder.c */,
				E2C0B78512F44E7C0050FB3F /* Base64Transcoder.h */,
			);
			path = Crypto;
			sourceTree = "<group>";
		};
		E2CFAE4D12F5A46B007BC912 /* Reachability */ = {
			isa = PBXGroup;
			children = (
				E2CFAE4E12F5A46B007BC912 /* Reachability.h */,
				E2CFAE4F12F5A46B007BC912 /* Reachability.m */,
			);
			path = Reachability;
			sourceTree = "<group>";
		};
		E2CFAE5012F5A46B007BC912 /* YAJLJSON */ = {
			isa = PBXGroup;
			children = (
				E2CFAE5112F5A46B007BC912 /* YAJLIOS.framework */,
			);
			path = YAJLJSON;
			sourceTree = "<group>";
		};
/* End PBXGroup section */

/* Begin PBXNativeTarget section */
		1D6058900D05DD3D006BFB54 /* VimeoUploader */ = {
			isa = PBXNativeTarget;
			buildConfigurationList = 1D6058960D05DD3E006BFB54 /* Build configuration list for PBXNativeTarget "VimeoUploader" */;
			buildPhases = (
				1D60588D0D05DD3D006BFB54 /* Resources */,
				1D60588E0D05DD3D006BFB54 /* Sources */,
				1D60588F0D05DD3D006BFB54 /* Frameworks */,
			);
			buildRules = (
			);
			dependencies = (
			);
			name = VimeoUploader;
			productName = VimeoUploader;
			productReference = 1D6058910D05DD3D006BFB54 /* VimeoUploader.app */;
			productType = "com.apple.product-type.application";
		};
/* End PBXNativeTarget section */

/* Begin PBXProject section */
		29B97313FDCFA39411CA2CEA /* Project object */ = {
			isa = PBXProject;
			buildConfigurationList = C01FCF4E08A954540054247B /* Build configuration list for PBXProject "VimeoUploader" */;
			compatibilityVersion = "Xcode 3.1";
			developmentRegion = English;
			hasScannedForEncodings = 1;
			knownRegions = (
				English,
				Japanese,
				French,
				German,
			);
			mainGroup = 29B97314FDCFA39411CA2CEA /* CustomTemplate */;
			projectDirPath = "";
			projectRoot = "";
			targets = (
				1D6058900D05DD3D006BFB54 /* VimeoUploader */,
			);
		};
/* End PBXProject section */

/* Begin PBXResourcesBuildPhase section */
		1D60588D0D05DD3D006BFB54 /* Resources */ = {
			isa = PBXResourcesBuildPhase;
			buildActionMask = 2147483647;
			files = (
				28AD733F0D9D9553002E5188 /* MainWindow.xib in Resources */,
				E2C0B3A712F35F240050FB3F /* VideosView.xib in Resources */,
				E2C0B41C12F36A4D0050FB3F /* AccountsView.xib in Resources */,
				E2C0B45212F36CB90050FB3F /* AccountView.xib in Resources */,
				E2C0B7C212F4502F0050FB3F /* AuthorizeView.xib in Resources */,
				E2CFAA4912F48259007BC912 /* oauthAutoConfig.plist in Resources */,
			);
			runOnlyForDeploymentPostprocessing = 0;
		};
/* End PBXResourcesBuildPhase section */

/* Begin PBXSourcesBuildPhase section */
		1D60588E0D05DD3D006BFB54 /* Sources */ = {
			isa = PBXSourcesBuildPhase;
			buildActionMask = 2147483647;
			files = (
				1D60589B0D05DD56006BFB54 /* main.m in Sources */,
				1D3623260D0F684500981E51 /* VimeoUploaderAppDelegate.m in Sources */,
				E2C0B3A612F35F240050FB3F /* VideosViewController.m in Sources */,
				E2C0B41B12F36A4D0050FB3F /* AccountsViewController.m in Sources */,
				E2C0B45112F36CB90050FB3F /* AccountViewController.m in Sources */,
				E2C0B5B012F380010050FB3F /* LabeledInputTableViewCell.m in Sources */,
				E2C0B72412F38DD60050FB3F /* Storage.xcdatamodel in Sources */,
				E2C0B72F12F38E100050FB3F /* Storage.xcdatamodeld in Sources */,
				E2C0B78612F44E7C0050FB3F /* NSURLResponse+Encoding.m in Sources */,
				E2C0B78712F44E7C0050FB3F /* NSURL+MPURLParameterAdditions.m in Sources */,
				E2C0B78812F44E7C0050FB3F /* NSString+URLEscapingAdditions.m in Sources */,
				E2C0B78912F44E7C0050FB3F /* MPWSXRDDocument.m in Sources */,
				E2C0B78A12F44E7C0050FB3F /* MPWSLRDDiscoverer.m in Sources */,
				E2C0B78B12F44E7C0050FB3F /* MPURLRequestParameter.m in Sources */,
				E2C0B78C12F44E7C0050FB3F /* MPOAuthURLResponse.m in Sources */,
				E2C0B78D12F44E7C0050FB3F /* MPOAuthURLRequest.m in Sources */,
				E2C0B78E12F44E7C0050FB3F /* MPOAuthSignatureParameter.m in Sources */,
				E2C0B78F12F44E7C0050FB3F /* MPOAuthCredentialConcreteStore+KeychainAdditionsiPhone.m in Sources */,
				E2C0B79012F44E7C0050FB3F /* MPOAuthCredentialConcreteStore.m in Sources */,
				E2C0B79112F44E7C0050FB3F /* MPOAuthCredentiaIConcreteStore+KeychainAdditionsMac.m in Sources */,
				E2C0B79212F44E7C0050FB3F /* MPOAuthConnection.m in Sources */,
				E2C0B79312F44E7C0050FB3F /* MPOAuthAuthenticationMethodXAuth.m in Sources */,
				E2C0B79412F44E7C0050FB3F /* MPOAuthAuthenticationMethodOAuth.m in Sources */,
				E2C0B79512F44E7C0050FB3F /* MPOAuthAuthenticationMethodAuthExchange.m in Sources */,
				E2C0B79612F44E7C0050FB3F /* MPOAuthAuthenticationMethod.m in Sources */,
				E2C0B79712F44E7C0050FB3F /* MPOAuthAPIRequestLoader.m in Sources */,
				E2C0B79812F44E7C0050FB3F /* MPOAuthAPI.m in Sources */,
				E2C0B79912F44E7C0050FB3F /* Base64Transcoder.c in Sources */,
				E2C0B7C112F4502F0050FB3F /* AuthorizeViewController.m in Sources */,
				E2CFAD4C12F56ED3007BC912 /* EoApplication.m in Sources */,
				E2CFAE5212F5A46B007BC912 /* Reachability.m in Sources */,
				E2CFAEEE12F5D569007BC912 /* _Account.m in Sources */,
				E2CFAEEF12F5D569007BC912 /* Account.m in Sources */,
				E2CFAEF012F5D569007BC912 /* Storage.xcdatamodeld in Sources */,
				E2CFAEF312F5D5A2007BC912 /* DataConnector.m in Sources */,
			);
			runOnlyForDeploymentPostprocessing = 0;
		};
/* End PBXSourcesBuildPhase section */

/* Begin XCBuildConfiguration section */
		1D6058940D05DD3E006BFB54 /* Debug */ = {
			isa = XCBuildConfiguration;
			buildSettings = {
				ALWAYS_SEARCH_USER_PATHS = NO;
				COPY_PHASE_STRIP = NO;
				FRAMEWORK_SEARCH_PATHS = (
					"$(inherited)",
					"\"$(SRCROOT)/Classes/YAJLJSON\"",
				);
				GCC_DYNAMIC_NO_PIC = NO;
				GCC_OPTIMIZATION_LEVEL = 0;
				GCC_PRECOMPILE_PREFIX_HEADER = YES;
				GCC_PREFIX_HEADER = VimeoUploader_Prefix.pch;
				INFOPLIST_FILE = "VimeoUploader-Info.plist";
				PRODUCT_NAME = VimeoUploader;
			};
			name = Debug;
		};
		1D6058950D05DD3E006BFB54 /* Release */ = {
			isa = XCBuildConfiguration;
			buildSettings = {
				ALWAYS_SEARCH_USER_PATHS = NO;
				COPY_PHASE_STRIP = YES;
				FRAMEWORK_SEARCH_PATHS = (
					"$(inherited)",
					"\"$(SRCROOT)/Classes/YAJLJSON\"",
				);
				GCC_PRECOMPILE_PREFIX_HEADER = YES;
				GCC_PREFIX_HEADER = VimeoUploader_Prefix.pch;
				INFOPLIST_FILE = "VimeoUploader-Info.plist";
				PRODUCT_NAME = VimeoUploader;
				VALIDATE_PRODUCT = YES;
			};
			name = Release;
		};
		C01FCF4F08A954540054247B /* Debug */ = {
			isa = XCBuildConfiguration;
			buildSettings = {
				ARCHS = "$(ARCHS_STANDARD_32_BIT)";
				"CODE_SIGN_IDENTITY[sdk=iphoneos*]" = "iPhone Developer";
				GCC_C_LANGUAGE_STANDARD = c99;
				GCC_PREPROCESSOR_DEFINITIONS = CONFIGURATION_DEBUG;
				GCC_VERSION = com.apple.compilers.llvm.clang.1_0;
				GCC_WARN_ABOUT_RETURN_TYPE = YES;
				GCC_WARN_UNUSED_VARIABLE = YES;
				HEADER_SEARCH_PATHS = /usr/include/libxml2;
				OTHER_LDFLAGS = (
					"-ObjC",
					"-all_load",
				);
				PREBINDING = NO;
				SDKROOT = iphoneos;
			};
			name = Debug;
		};
		C01FCF5008A954540054247B /* Release */ = {
			isa = XCBuildConfiguration;
			buildSettings = {
				ARCHS = "$(ARCHS_STANDARD_32_BIT)";
				"CODE_SIGN_IDENTITY[sdk=iphoneos*]" = "iPhone Developer";
				GCC_C_LANGUAGE_STANDARD = c99;
				GCC_PREPROCESSOR_DEFINITIONS = "";
				GCC_VERSION = com.apple.compilers.llvm.clang.1_0;
				GCC_WARN_ABOUT_RETURN_TYPE = YES;
				GCC_WARN_UNUSED_VARIABLE = YES;
				HEADER_SEARCH_PATHS = /usr/include/libxml2;
				OTHER_CFLAGS = "-DNS_BLOCK_ASSERTIONS=1";
				OTHER_LDFLAGS = (
					"-ObjC",
					"-all_load",
				);
				PREBINDING = NO;
				SDKROOT = iphoneos;
			};
			name = Release;
		};
/* End XCBuildConfiguration section */

/* Begin XCConfigurationList section */
		1D6058960D05DD3E006BFB54 /* Build configuration list for PBXNativeTarget "VimeoUploader" */ = {
			isa = XCConfigurationList;
			buildConfigurations = (
				1D6058940D05DD3E006BFB54 /* Debug */,
				1D6058950D05DD3E006BFB54 /* Release */,
			);
			defaultConfigurationIsVisible = 0;
			defaultConfigurationName = Release;
		};
		C01FCF4E08A954540054247B /* Build configuration list for PBXProject "VimeoUploader" */ = {
			isa = XCConfigurationList;
			buildConfigurations = (
				C01FCF4F08A954540054247B /* Debug */,
				C01FCF5008A954540054247B /* Release */,
			);
			defaultConfigurationIsVisible = 0;
			defaultConfigurationName = Release;
		};
/* End XCConfigurationList section */

/* Begin XCVersionGroup section */
		E2C0B72E12F38E100050FB3F /* Storage.xcdatamodeld */ = {
			isa = XCVersionGroup;
			children = (
				E2C0B72312F38DD60050FB3F /* Storage.xcdatamodel */,
			);
			currentVersion = E2C0B72312F38DD60050FB3F /* Storage.xcdatamodel */;
			path = Storage.xcdatamodeld;
			sourceTree = "<group>";
			versionGroupType = wrapper.xcdatamodel;
		};
		E2CFAEEC12F5D569007BC912 /* Storage.xcdatamodeld */ = {
			isa = XCVersionGroup;
			children = (
				E2CFAEED12F5D569007BC912 /* Storage.xcdatamodel */,
			);
			currentVersion = E2CFAEED12F5D569007BC912 /* Storage.xcdatamodel */;
			path = Storage.xcdatamodeld;
			sourceTree = "<group>";
			versionGroupType = wrapper.xcdatamodel;
		};
/* End XCVersionGroup section */
	};
	rootObject = 29B97313FDCFA39411CA2CEA /* Project object */;
}
